
Microsoft Visual Studio Solution File, Format Version 12.00
# Visual Studio Version 16
VisualStudioVersion = 16.0.29509.3
MinimumVisualStudioVersion = 10.0.40219.1
Project("{FAE04EC0-301F-11D3-BF4B-00C04F79EFBC}") = "Challenge1_Serverless_Dreidel", "Challenge1_Serverless_Dreidel\Challenge1_Serverless_Dreidel.csproj", "{D26FA2A2-8F21-438B-9E60-7D726836D4C1}"
EndProject
Global
	GlobalSection(SolutionConfigurationPlatforms) = preSolution
		Debug|Any CPU = Debug|Any CPU
		Release|Any CPU = Release|Any CPU
	EndGlobalSection
	GlobalSection(ProjectConfigurationPlatforms) = postSolution
		{D26FA2A2-8F21-438B-9E60-7D726836D4C1}.Debug|Any CPU.ActiveCfg = Debug|Any CPU
		{D26FA2A2-8F21-438B-9E60-7D726836D4C1}.Debug|Any CPU.Build.0 = Debug|Any CPU
		{D26FA2A2-8F21-438B-9E60-7D726836D4C1}.Release|Any CPU.ActiveCfg = Release|Any CPU
		{D26FA2A2-8F21-438B-9E60-7D726836D4C1}.Release|Any CPU.Build.0 = Release|Any CPU
	EndGlobalSection
	GlobalSection(SolutionProperties) = preSolution
		HideSolutionNode = FALSE
	EndGlobalSection
	GlobalSection(ExtensibilityGlobals) = postSolution
		SolutionGuid = {AA66B318-3139-4045-9B42-299F5D4C9D16}
	EndGlobalSection
EndGlobal
